{
  "lockfileVersion": 1,
  "workspaces": {
    "": {
      "name": "@flashnet/sdk",
      "dependencies": {
        "@noble/curves": "^1.7.0",
        "@noble/hashes": "^1.8.0",
        "@noble/secp256k1": "^2.3.0",
        "@scure/base": "^1.2.1",
      },
      "devDependencies": {
        "@biomejs/biome": "2.0.5",
        "@rollup/plugin-typescript": "^12.1.4",
        "@types/bun": "latest",
        "@types/node": "^20.0.0",
        "rollup": "^4.44.2",
        "tslib": "^2.8.1",
        "typescript": "^5",
      },
      "peerDependencies": {
        "@buildonspark/issuer-sdk": "^0.0.75",
        "@buildonspark/spark-sdk": "^0.1.44",
        "typescript": "^5",
      },
      "optionalPeers": [
        "@buildonspark/issuer-sdk",
        "@buildonspark/spark-sdk",
      ],
    },
  },
  "packages": {
    "@biomejs/biome": ["@biomejs/biome@2.0.5", "", { "optionalDependencies": { "@biomejs/cli-darwin-arm64": "2.0.5", "@biomejs/cli-darwin-x64": "2.0.5", "@biomejs/cli-linux-arm64": "2.0.5", "@biomejs/cli-linux-arm64-musl": "2.0.5", "@biomejs/cli-linux-x64": "2.0.5", "@biomejs/cli-linux-x64-musl": "2.0.5", "@biomejs/cli-win32-arm64": "2.0.5", "@biomejs/cli-win32-x64": "2.0.5" }, "bin": { "biome": "bin/biome" } }, "sha512-MztFGhE6cVjf3QmomWu83GpTFyWY8KIcskgRf2AqVEMSH4qI4rNdBLdpAQ11TNK9pUfLGz3IIOC1ZYwgBePtig=="],

    "@biomejs/cli-darwin-arm64": ["@biomejs/cli-darwin-arm64@2.0.5", "", { "os": "darwin", "cpu": "arm64" }, "sha512-VIIWQv9Rcj9XresjCf3isBFfWjFStsdGZvm8SmwJzKs/22YQj167ge7DkxuaaZbNf2kmYif0AcjAKvtNedEoEw=="],

    "@biomejs/cli-darwin-x64": ["@biomejs/cli-darwin-x64@2.0.5", "", { "os": "darwin", "cpu": "x64" }, "sha512-DRpGxBgf5Z7HUFcNUB6n66UiD4VlBlMpngNf32wPraxX8vYU6N9cb3xQWOXIQVBBQ64QfsSLJnjNu79i/LNmSg=="],

    "@biomejs/cli-linux-arm64": ["@biomejs/cli-linux-arm64@2.0.5", "", { "os": "linux", "cpu": "arm64" }, "sha512-FQTfDNMXOknf8+g9Eede2daaduRjTC2SNbfWPNFMadN9K3UKjeZ62jwiYxztPaz9zQQsZU8VbddQIaeQY5CmIA=="],

    "@biomejs/cli-linux-arm64-musl": ["@biomejs/cli-linux-arm64-musl@2.0.5", "", { "os": "linux", "cpu": "arm64" }, "sha512-OpflTCOw/ElEs7QZqN/HFaSViPHjAsAPxFJ22LhWUWvuJgcy/Z8+hRV0/3mk/ZRWy5A6fCDKHZqAxU+xB6W4mA=="],

    "@biomejs/cli-linux-x64": ["@biomejs/cli-linux-x64@2.0.5", "", { "os": "linux", "cpu": "x64" }, "sha512-znpfydUDPuDkyBTulnODrQVK2FaG/4hIOPcQSsF2GeauQOYrBAOplj0etGB0NUrr0dFsvaQ15nzDXYb60ACoiw=="],

    "@biomejs/cli-linux-x64-musl": ["@biomejs/cli-linux-x64-musl@2.0.5", "", { "os": "linux", "cpu": "x64" }, "sha512-9lmjCnajAzpZXbav2P6D87ugkhnaDpJtDvOH5uQbY2RXeW6Rq18uOUltxgacGBP+d8GusTr+s3IFOu7SN0Ok8g=="],

    "@biomejs/cli-win32-arm64": ["@biomejs/cli-win32-arm64@2.0.5", "", { "os": "win32", "cpu": "arm64" }, "sha512-CP2wKQB+gh8HdJTFKYRFETqReAjxlcN9AlYDEoye8v2eQp+L9v+PUeDql/wsbaUhSsLR0sjj3PtbBtt+02AN3A=="],

    "@biomejs/cli-win32-x64": ["@biomejs/cli-win32-x64@2.0.5", "", { "os": "win32", "cpu": "x64" }, "sha512-Sw3rz2m6bBADeQpr3+MD7Ch4E1l15DTt/+dfqKnwkm3cn4BrYwnArmvKeZdVsFRDjMyjlKIP88bw1r7o+9aqzw=="],

    "@noble/curves": ["@noble/curves@1.9.2", "", { "dependencies": { "@noble/hashes": "1.8.0" } }, "sha512-HxngEd2XUcg9xi20JkwlLCtYwfoFw4JGkuZpT+WlsPD4gB/cxkvTD8fSsoAnphGZhFdZYKeQIPCuFlWPm1uE0g=="],

    "@noble/hashes": ["@noble/hashes@1.8.0", "", {}, "sha512-jCs9ldd7NwzpgXDIf6P3+NrHh9/sD6CQdxHyjQI+h/6rDNo88ypBxxz45UDuZHz9r3tNz7N/VInSVoVdtXEI4A=="],

    "@noble/secp256k1": ["@noble/secp256k1@2.3.0", "", {}, "sha512-0TQed2gcBbIrh7Ccyw+y/uZQvbJwm7Ao4scBUxqpBCcsOlZG0O4KGfjtNAy/li4W8n1xt3dxrwJ0beZ2h2G6Kw=="],

    "@rollup/plugin-typescript": ["@rollup/plugin-typescript@12.1.4", "", { "dependencies": { "@rollup/pluginutils": "^5.1.0", "resolve": "^1.22.1" }, "peerDependencies": { "rollup": "^2.14.0||^3.0.0||^4.0.0", "tslib": "*", "typescript": ">=3.7.0" }, "optionalPeers": ["rollup", "tslib"] }, "sha512-s5Hx+EtN60LMlDBvl5f04bEiFZmAepk27Q+mr85L/00zPDn1jtzlTV6FWn81MaIwqfWzKxmOJrBWHU6vtQyedQ=="],

    "@rollup/pluginutils": ["@rollup/pluginutils@5.2.0", "", { "dependencies": { "@types/estree": "^1.0.0", "estree-walker": "^2.0.2", "picomatch": "^4.0.2" }, "peerDependencies": { "rollup": "^1.20.0||^2.0.0||^3.0.0||^4.0.0" }, "optionalPeers": ["rollup"] }, "sha512-qWJ2ZTbmumwiLFomfzTyt5Kng4hwPi9rwCYN4SHb6eaRU1KNO4ccxINHr/VhH4GgPlt1XfSTLX2LBTme8ne4Zw=="],

    "@rollup/rollup-android-arm-eabi": ["@rollup/rollup-android-arm-eabi@4.44.2", "", { "os": "android", "cpu": "arm" }, "sha512-g0dF8P1e2QYPOj1gu7s/3LVP6kze9A7m6x0BZ9iTdXK8N5c2V7cpBKHV3/9A4Zd8xxavdhK0t4PnqjkqVmUc9Q=="],

    "@rollup/rollup-android-arm64": ["@rollup/rollup-android-arm64@4.44.2", "", { "os": "android", "cpu": "arm64" }, "sha512-Yt5MKrOosSbSaAK5Y4J+vSiID57sOvpBNBR6K7xAaQvk3MkcNVV0f9fE20T+41WYN8hDn6SGFlFrKudtx4EoxA=="],

    "@rollup/rollup-darwin-arm64": ["@rollup/rollup-darwin-arm64@4.44.2", "", { "os": "darwin", "cpu": "arm64" }, "sha512-EsnFot9ZieM35YNA26nhbLTJBHD0jTwWpPwmRVDzjylQT6gkar+zenfb8mHxWpRrbn+WytRRjE0WKsfaxBkVUA=="],

    "@rollup/rollup-darwin-x64": ["@rollup/rollup-darwin-x64@4.44.2", "", { "os": "darwin", "cpu": "x64" }, "sha512-dv/t1t1RkCvJdWWxQ2lWOO+b7cMsVw5YFaS04oHpZRWehI1h0fV1gF4wgGCTyQHHjJDfbNpwOi6PXEafRBBezw=="],

    "@rollup/rollup-freebsd-arm64": ["@rollup/rollup-freebsd-arm64@4.44.2", "", { "os": "freebsd", "cpu": "arm64" }, "sha512-W4tt4BLorKND4qeHElxDoim0+BsprFTwb+vriVQnFFtT/P6v/xO5I99xvYnVzKWrK6j7Hb0yp3x7V5LUbaeOMg=="],

    "@rollup/rollup-freebsd-x64": ["@rollup/rollup-freebsd-x64@4.44.2", "", { "os": "freebsd", "cpu": "x64" }, "sha512-tdT1PHopokkuBVyHjvYehnIe20fxibxFCEhQP/96MDSOcyjM/shlTkZZLOufV3qO6/FQOSiJTBebhVc12JyPTA=="],

    "@rollup/rollup-linux-arm-gnueabihf": ["@rollup/rollup-linux-arm-gnueabihf@4.44.2", "", { "os": "linux", "cpu": "arm" }, "sha512-+xmiDGGaSfIIOXMzkhJ++Oa0Gwvl9oXUeIiwarsdRXSe27HUIvjbSIpPxvnNsRebsNdUo7uAiQVgBD1hVriwSQ=="],

    "@rollup/rollup-linux-arm-musleabihf": ["@rollup/rollup-linux-arm-musleabihf@4.44.2", "", { "os": "linux", "cpu": "arm" }, "sha512-bDHvhzOfORk3wt8yxIra8N4k/N0MnKInCW5OGZaeDYa/hMrdPaJzo7CSkjKZqX4JFUWjUGm88lI6QJLCM7lDrA=="],

    "@rollup/rollup-linux-arm64-gnu": ["@rollup/rollup-linux-arm64-gnu@4.44.2", "", { "os": "linux", "cpu": "arm64" }, "sha512-NMsDEsDiYghTbeZWEGnNi4F0hSbGnsuOG+VnNvxkKg0IGDvFh7UVpM/14mnMwxRxUf9AdAVJgHPvKXf6FpMB7A=="],

    "@rollup/rollup-linux-arm64-musl": ["@rollup/rollup-linux-arm64-musl@4.44.2", "", { "os": "linux", "cpu": "arm64" }, "sha512-lb5bxXnxXglVq+7imxykIp5xMq+idehfl+wOgiiix0191av84OqbjUED+PRC5OA8eFJYj5xAGcpAZ0pF2MnW+A=="],

    "@rollup/rollup-linux-loongarch64-gnu": ["@rollup/rollup-linux-loongarch64-gnu@4.44.2", "", { "os": "linux", "cpu": "none" }, "sha512-Yl5Rdpf9pIc4GW1PmkUGHdMtbx0fBLE1//SxDmuf3X0dUC57+zMepow2LK0V21661cjXdTn8hO2tXDdAWAqE5g=="],

    "@rollup/rollup-linux-powerpc64le-gnu": ["@rollup/rollup-linux-powerpc64le-gnu@4.44.2", "", { "os": "linux", "cpu": "ppc64" }, "sha512-03vUDH+w55s680YYryyr78jsO1RWU9ocRMaeV2vMniJJW/6HhoTBwyyiiTPVHNWLnhsnwcQ0oH3S9JSBEKuyqw=="],

    "@rollup/rollup-linux-riscv64-gnu": ["@rollup/rollup-linux-riscv64-gnu@4.44.2", "", { "os": "linux", "cpu": "none" }, "sha512-iYtAqBg5eEMG4dEfVlkqo05xMOk6y/JXIToRca2bAWuqjrJYJlx/I7+Z+4hSrsWU8GdJDFPL4ktV3dy4yBSrzg=="],

    "@rollup/rollup-linux-riscv64-musl": ["@rollup/rollup-linux-riscv64-musl@4.44.2", "", { "os": "linux", "cpu": "none" }, "sha512-e6vEbgaaqz2yEHqtkPXa28fFuBGmUJ0N2dOJK8YUfijejInt9gfCSA7YDdJ4nYlv67JfP3+PSWFX4IVw/xRIPg=="],

    "@rollup/rollup-linux-s390x-gnu": ["@rollup/rollup-linux-s390x-gnu@4.44.2", "", { "os": "linux", "cpu": "s390x" }, "sha512-evFOtkmVdY3udE+0QKrV5wBx7bKI0iHz5yEVx5WqDJkxp9YQefy4Mpx3RajIVcM6o7jxTvVd/qpC1IXUhGc1Mw=="],

    "@rollup/rollup-linux-x64-gnu": ["@rollup/rollup-linux-x64-gnu@4.44.2", "", { "os": "linux", "cpu": "x64" }, "sha512-/bXb0bEsWMyEkIsUL2Yt5nFB5naLAwyOWMEviQfQY1x3l5WsLKgvZf66TM7UTfED6erckUVUJQ/jJ1FSpm3pRQ=="],

    "@rollup/rollup-linux-x64-musl": ["@rollup/rollup-linux-x64-musl@4.44.2", "", { "os": "linux", "cpu": "x64" }, "sha512-3D3OB1vSSBXmkGEZR27uiMRNiwN08/RVAcBKwhUYPaiZ8bcvdeEwWPvbnXvvXHY+A/7xluzcN+kaiOFNiOZwWg=="],

    "@rollup/rollup-win32-arm64-msvc": ["@rollup/rollup-win32-arm64-msvc@4.44.2", "", { "os": "win32", "cpu": "arm64" }, "sha512-VfU0fsMK+rwdK8mwODqYeM2hDrF2WiHaSmCBrS7gColkQft95/8tphyzv2EupVxn3iE0FI78wzffoULH1G+dkw=="],

    "@rollup/rollup-win32-ia32-msvc": ["@rollup/rollup-win32-ia32-msvc@4.44.2", "", { "os": "win32", "cpu": "ia32" }, "sha512-+qMUrkbUurpE6DVRjiJCNGZBGo9xM4Y0FXU5cjgudWqIBWbcLkjE3XprJUsOFgC6xjBClwVa9k6O3A7K3vxb5Q=="],

    "@rollup/rollup-win32-x64-msvc": ["@rollup/rollup-win32-x64-msvc@4.44.2", "", { "os": "win32", "cpu": "x64" }, "sha512-3+QZROYfJ25PDcxFF66UEk8jGWigHJeecZILvkPkyQN7oc5BvFo4YEXFkOs154j3FTMp9mn9Ky8RCOwastduEA=="],

    "@scure/base": ["@scure/base@1.2.6", "", {}, "sha512-g/nm5FgUa//MCj1gV09zTJTaM6KBAHqLN907YVQqf7zC49+DcO4B1so4ZX07Ef10Twr6nuqYEH9GEggFXA4Fmg=="],

    "@types/bun": ["@types/bun@1.2.18", "", { "dependencies": { "bun-types": "1.2.18" } }, "sha512-Xf6RaWVheyemaThV0kUfaAUvCNokFr+bH8Jxp+tTZfx7dAPA8z9ePnP9S9+Vspzuxxx9JRAXhnyccRj3GyCMdQ=="],

    "@types/estree": ["@types/estree@1.0.8", "", {}, "sha512-dWHzHa2WqEXI/O1E9OjrocMTKJl2mSrEolh1Iomrv6U+JuNwaHXsXx9bLu5gG7BUWFIN0skIQJQ/L1rIex4X6w=="],

    "@types/node": ["@types/node@20.19.5", "", { "dependencies": { "undici-types": "~6.21.0" } }, "sha512-M4CtoNkoQrYOD7O80KM7DjGdzwMvoXZ12SGUbxc0X1AK6gfBKjkJswW/B4MyTPMIuU0sodukEgj8CzIJKEAQXQ=="],

    "@types/react": ["@types/react@19.1.8", "", { "dependencies": { "csstype": "^3.0.2" } }, "sha512-AwAfQ2Wa5bCx9WP8nZL2uMZWod7J7/JSplxbTmBQ5ms6QpqNYm672H0Vu9ZVKVngQ+ii4R/byguVEUZQyeg44g=="],

    "bun-types": ["bun-types@1.2.18", "", { "dependencies": { "@types/node": "*" }, "peerDependencies": { "@types/react": "^19" } }, "sha512-04+Eha5NP7Z0A9YgDAzMk5PHR16ZuLVa83b26kH5+cp1qZW4F6FmAURngE7INf4tKOvCE69vYvDEwoNl1tGiWw=="],

    "csstype": ["csstype@3.1.3", "", {}, "sha512-M1uQkMl8rQK/szD0LNhtqxIPLpimGm8sOBwU7lLnCpSbTyY3yeU1Vc7l4KT5zT4s/yOxHH5O7tIuuLOCnLADRw=="],

    "estree-walker": ["estree-walker@2.0.2", "", {}, "sha512-Rfkk/Mp/DL7JVje3u18FxFujQlTNR2q6QfMSMB7AvCBx91NGj/ba3kCfza0f6dVDbw7YlRf/nDrn7pQrCCyQ/w=="],

    "fsevents": ["fsevents@2.3.3", "", { "os": "darwin" }, "sha512-5xoDfX+fL7faATnagmWPpbFtwh/R77WmMMqqHGS65C3vvB0YHrgF+B1YmZ3441tMj5n63k0212XNoJwzlhffQw=="],

    "function-bind": ["function-bind@1.1.2", "", {}, "sha512-7XHNxH7qX9xG5mIwxkhumTox/MIRNcOgDrxWsMt2pAr23WHp6MrRlN7FBSFpCpr+oVO0F744iUgR82nJMfG2SA=="],

    "hasown": ["hasown@2.0.2", "", { "dependencies": { "function-bind": "^1.1.2" } }, "sha512-0hJU9SCPvmMzIBdZFqNPXWa6dqh7WdH0cII9y+CyS8rG3nL48Bclra9HmKhVVUHyPWNH5Y7xDwAB7bfgSjkUMQ=="],

    "is-core-module": ["is-core-module@2.16.1", "", { "dependencies": { "hasown": "^2.0.2" } }, "sha512-UfoeMA6fIJ8wTYFEUjelnaGI67v6+N7qXJEvQuIGa99l4xsCruSYOVSQ0uPANn4dAzm8lkYPaKLrrijLq7x23w=="],

    "path-parse": ["path-parse@1.0.7", "", {}, "sha512-LDJzPVEEEPR+y48z93A0Ed0yXb8pAByGWo/k5YYdYgpY2/2EsOsksJrq7lOHxryrVOn1ejG6oAp8ahvOIQD8sw=="],

    "picomatch": ["picomatch@4.0.2", "", {}, "sha512-M7BAV6Rlcy5u+m6oPhAPFgJTzAioX/6B0DxyvDlo9l8+T3nLKbrczg2WLUyzd45L8RqfUMyGPzekbMvX2Ldkwg=="],

    "resolve": ["resolve@1.22.10", "", { "dependencies": { "is-core-module": "^2.16.0", "path-parse": "^1.0.7", "supports-preserve-symlinks-flag": "^1.0.0" }, "bin": { "resolve": "bin/resolve" } }, "sha512-NPRy+/ncIMeDlTAsuqwKIiferiawhefFJtkNSW0qZJEqMEb+qBt/77B/jGeeek+F0uOeN05CDa6HXbbIgtVX4w=="],

    "rollup": ["rollup@4.44.2", "", { "dependencies": { "@types/estree": "1.0.8" }, "optionalDependencies": { "@rollup/rollup-android-arm-eabi": "4.44.2", "@rollup/rollup-android-arm64": "4.44.2", "@rollup/rollup-darwin-arm64": "4.44.2", "@rollup/rollup-darwin-x64": "4.44.2", "@rollup/rollup-freebsd-arm64": "4.44.2", "@rollup/rollup-freebsd-x64": "4.44.2", "@rollup/rollup-linux-arm-gnueabihf": "4.44.2", "@rollup/rollup-linux-arm-musleabihf": "4.44.2", "@rollup/rollup-linux-arm64-gnu": "4.44.2", "@rollup/rollup-linux-arm64-musl": "4.44.2", "@rollup/rollup-linux-loongarch64-gnu": "4.44.2", "@rollup/rollup-linux-powerpc64le-gnu": "4.44.2", "@rollup/rollup-linux-riscv64-gnu": "4.44.2", "@rollup/rollup-linux-riscv64-musl": "4.44.2", "@rollup/rollup-linux-s390x-gnu": "4.44.2", "@rollup/rollup-linux-x64-gnu": "4.44.2", "@rollup/rollup-linux-x64-musl": "4.44.2", "@rollup/rollup-win32-arm64-msvc": "4.44.2", "@rollup/rollup-win32-ia32-msvc": "4.44.2", "@rollup/rollup-win32-x64-msvc": "4.44.2", "fsevents": "~2.3.2" }, "bin": { "rollup": "dist/bin/rollup" } }, "sha512-PVoapzTwSEcelaWGth3uR66u7ZRo6qhPHc0f2uRO9fX6XDVNrIiGYS0Pj9+R8yIIYSD/mCx2b16Ws9itljKSPg=="],

    "supports-preserve-symlinks-flag": ["supports-preserve-symlinks-flag@1.0.0", "", {}, "sha512-ot0WnXS9fgdkgIcePe6RHNk1WA8+muPa6cSjeR3V8K27q9BB1rTE3R1p7Hv0z1ZyAc8s6Vvv8DIyWf681MAt0w=="],

    "tslib": ["tslib@2.8.1", "", {}, "sha512-oJFu94HQb+KVduSUQL7wnpmqnfmLsOA/nAh6b6EH0wCEoK0/mPeXU6c3wKDV83MkOuHPRHtSXKKU99IBazS/2w=="],

    "typescript": ["typescript@5.8.3", "", { "bin": { "tsc": "bin/tsc", "tsserver": "bin/tsserver" } }, "sha512-p1diW6TqL9L07nNxvRMM7hMMw4c5XOo/1ibL4aAIGmSAt9slTE1Xgw5KWuof2uTOvCg9BY7ZRi+GaF+7sfgPeQ=="],

    "undici-types": ["undici-types@6.21.0", "", {}, "sha512-iwDZqg0QAGrg9Rav5H4n0M64c3mkR59cJ6wQp+7C4nI0gsmExaedaYLNO44eT4AtBBwjbTiGPMlt2Md0T9H9JQ=="],
  }
}
